
Microsoft Visual Studio Solution File, Format Version 12.00
# Visual Studio Version 17
VisualStudioVersion = 17.4.33110.190
MinimumVisualStudioVersion = 10.0.40219.1
Project("{9A19103F-16F7-4668-BE54-9A1E7A4F7556}") = "TheInterface", "TheInterface.csproj", "{995D9F25-DFEE-4EFC-9A1F-C207F2D39FC5}"
EndProject
Project("{9A19103F-16F7-4668-BE54-9A1E7A4F7556}") = "winformEx30.11.22", "..\winformEx30.11.22\winformEx30.11.22.csproj", "{BEF8AFEE-49CB-4063-940D-A7D7F0F5D382}"
EndProject
Project("{FAE04EC0-301F-11D3-BF4B-00C04F79EFBC}") = "Shapes", "..\Shapes\Shapes.csproj", "{4A8D02F1-055C-4581-BB08-EB28CF3DEAA9}"
EndProject
Global
	GlobalSection(SolutionConfigurationPlatforms) = preSolution
		Debug|Any CPU = Debug|Any CPU
		Release|Any CPU = Release|Any CPU
	EndGlobalSection
	GlobalSection(ProjectConfigurationPlatforms) = postSolution
		{995D9F25-DFEE-4EFC-9A1F-C207F2D39FC5}.Debug|Any CPU.ActiveCfg = Debug|Any CPU
		{995D9F25-DFEE-4EFC-9A1F-C207F2D39FC5}.Debug|Any CPU.Build.0 = Debug|Any CPU
		{995D9F25-DFEE-4EFC-9A1F-C207F2D39FC5}.Release|Any CPU.ActiveCfg = Release|Any CPU
		{995D9F25-DFEE-4EFC-9A1F-C207F2D39FC5}.Release|Any CPU.Build.0 = Release|Any CPU
		{BEF8AFEE-49CB-4063-940D-A7D7F0F5D382}.Debug|Any CPU.ActiveCfg = Debug|Any CPU
		{BEF8AFEE-49CB-4063-940D-A7D7F0F5D382}.Debug|Any CPU.Build.0 = Debug|Any CPU
		{BEF8AFEE-49CB-4063-940D-A7D7F0F5D382}.Release|Any CPU.ActiveCfg = Release|Any CPU
		{BEF8AFEE-49CB-4063-940D-A7D7F0F5D382}.Release|Any CPU.Build.0 = Release|Any CPU
		{4A8D02F1-055C-4581-BB08-EB28CF3DEAA9}.Debug|Any CPU.ActiveCfg = Debug|Any CPU
		{4A8D02F1-055C-4581-BB08-EB28CF3DEAA9}.Debug|Any CPU.Build.0 = Debug|Any CPU
		{4A8D02F1-055C-4581-BB08-EB28CF3DEAA9}.Release|Any CPU.ActiveCfg = Release|Any CPU
		{4A8D02F1-055C-4581-BB08-EB28CF3DEAA9}.Release|Any CPU.Build.0 = Release|Any CPU
	EndGlobalSection
	GlobalSection(SolutionProperties) = preSolution
		HideSolutionNode = FALSE
	EndGlobalSection
	GlobalSection(ExtensibilityGlobals) = postSolution
		SolutionGuid = {E3B0FB98-9E6A-4CB9-A0D6-B3A68F163B09}
	EndGlobalSection
EndGlobal
